// !$*UTF8*$!
{
	archiveVersion = 1;
	classes = {
	};
	objectVersion = 51;
	objects = {

/* Begin PBXBuildFile section */
		308A9EC8DC0EC47F50FF48FB /* Pods_QRCodeProject.framework in Frameworks */ = {isa = PBXBuildFile; fileRef = 0352E4DE2C0EC856906C1FE2 /* Pods_QRCodeProject.framework */; };
		45E9FE3745DA81A70EF84575 /* Pods_QRCodeProjectTests.framework in Frameworks */ = {isa = PBXBuildFile; fileRef = ACEAC633F9921D961B2CF80D /* Pods_QRCodeProjectTests.framework */; };
		515715A0089C1D9B1B0D675D /* Pods_QRCodeProject_QRCodeProjectUITests.framework in Frameworks */ = {isa = PBXBuildFile; fileRef = 41FF6B2145DA96D9E9CE2F11 /* Pods_QRCodeProject_QRCodeProjectUITests.framework */; };
		72CB4E9B27B3F1CB00F35D2C /* AppDelegate.swift in Sources */ = {isa = PBXBuildFile; fileRef = 72CB4E9A27B3F1CB00F35D2C /* AppDelegate.swift */; };
		72CB4E9D27B3F1CB00F35D2C /* SceneDelegate.swift in Sources */ = {isa = PBXBuildFile; fileRef = 72CB4E9C27B3F1CB00F35D2C /* SceneDelegate.swift */; };
		72CB4E9F27B3F1CB00F35D2C /* ViewController.swift in Sources */ = {isa = PBXBuildFile; fileRef = 72CB4E9E27B3F1CB00F35D2C /* ViewController.swift */; };
		72CB4EA227B3F1CB00F35D2C /* Main.storyboard in Resources */ = {isa = PBXBuildFile; fileRef = 72CB4EA027B3F1CB00F35D2C /* Main.storyboard */; };
		72CB4EA427B3F1CC00F35D2C /* Assets.xcassets in Resources */ = {isa = PBXBuildFile; fileRef = 72CB4EA327B3F1CC00F35D2C /* Assets.xcassets */; };
		72CB4EA727B3F1CC00F35D2C /* LaunchScreen.storyboard in Resources */ = {isa = PBXBuildFile; fileRef = 72CB4EA527B3F1CC00F35D2C /* LaunchScreen.storyboard */; };
		72CB4EB227B3F1CC00F35D2C /* QRCodeProjectTests.swift in Sources */ = {isa = PBXBuildFile; fileRef = 72CB4EB127B3F1CC00F35D2C /* QRCodeProjectTests.swift */; };
		72CB4EBD27B3F1CC00F35D2C /* QRCodeProjectUITests.swift in Sources */ = {isa = PBXBuildFile; fileRef = 72CB4EBC27B3F1CC00F35D2C /* QRCodeProjectUITests.swift */; };
/* End PBXBuildFile section */

/* Begin PBXContainerItemProxy section */
		72CB4EAE27B3F1CC00F35D2C /* PBXContainerItemProxy */ = {
			isa = PBXContainerItemProxy;
			containerPortal = 72CB4E8F27B3F1CB00F35D2C /* Project object */;
			proxyType = 1;
			remoteGlobalIDString = 72CB4E9627B3F1CB00F35D2C;
			remoteInfo = QRCodeProject;
		};
		72CB4EB927B3F1CC00F35D2C /* PBXContainerItemProxy */ = {
			isa = PBXContainerItemProxy;
			containerPortal = 72CB4E8F27B3F1CB00F35D2C /* Project object */;
			proxyType = 1;
			remoteGlobalIDString = 72CB4E9627B3F1CB00F35D2C;
			remoteInfo = QRCodeProject;
		};
/* End PBXContainerItemProxy section */

/* Begin PBXFileReference section */
		0352E4DE2C0EC856906C1FE2 /* Pods_QRCodeProject.framework */ = {isa = PBXFileReference; explicitFileType = wrapper.framework; includeInIndex = 0; path = Pods_QRCodeProject.framework; sourceTree = BUILT_PRODUCTS_DIR; };
		311B24872086031E1F385F35 /* Pods-QRCodeProjectTests.release.xcconfig */ = {isa = PBXFileReference; includeInIndex = 1; lastKnownFileType = text.xcconfig; name = "Pods-QRCodeProjectTests.release.xcconfig"; path = "Target Support Files/Pods-QRCodeProjectTests/Pods-QRCodeProjectTests.release.xcconfig"; sourceTree = "<group>"; };
		41FF6B2145DA96D9E9CE2F11 /* Pods_QRCodeProject_QRCodeProjectUITests.framework */ = {isa = PBXFileReference; explicitFileType = wrapper.framework; includeInIndex = 0; path = Pods_QRCodeProject_QRCodeProjectUITests.framework; sourceTree = BUILT_PRODUCTS_DIR; };
		461CE20C93D56F236C3E5856 /* Pods-QRCodeProjectTests.debug.xcconfig */ = {isa = PBXFileReference; includeInIndex = 1; lastKnownFileType = text.xcconfig; name = "Pods-QRCodeProjectTests.debug.xcconfig"; path = "Target Support Files/Pods-QRCodeProjectTests/Pods-QRCodeProjectTests.debug.xcconfig"; sourceTree = "<group>"; };
		4B9CAF849258F9A61A09E768 /* Pods-QRCodeProject-QRCodeProjectUITests.release.xcconfig */ = {isa = PBXFileReference; includeInIndex = 1; lastKnownFileType = text.xcconfig; name = "Pods-QRCodeProject-QRCodeProjectUITests.release.xcconfig"; path = "Target Support Files/Pods-QRCodeProject-QRCodeProjectUITests/Pods-QRCodeProject-QRCodeProjectUITests.release.xcconfig"; sourceTree = "<group>"; };
		72CB4E9727B3F1CB00F35D2C /* QRCodeProject.app */ = {isa = PBXFileReference; explicitFileType = wrapper.application; includeInIndex = 0; path = QRCodeProject.app; sourceTree = BUILT_PRODUCTS_DIR; };
		72CB4E9A27B3F1CB00F35D2C /* AppDelegate.swift */ = {isa = PBXFileReference; lastKnownFileType = sourcecode.swift; path = AppDelegate.swift; sourceTree = "<group>"; };
		72CB4E9C27B3F1CB00F35D2C /* SceneDelegate.swift */ = {isa = PBXFileReference; lastKnownFileType = sourcecode.swift; path = SceneDelegate.swift; sourceTree = "<group>"; };
		72CB4E9E27B3F1CB00F35D2C /* ViewController.swift */ = {isa = PBXFileReference; lastKnownFileType = sourcecode.swift; path = ViewController.swift; sourceTree = "<group>"; };
		72CB4EA127B3F1CB00F35D2C /* Base */ = {isa = PBXFileReference; lastKnownFileType = file.storyboard; name = Base; path = Base.lproj/Main.storyboard; sourceTree = "<group>"; };
		72CB4EA327B3F1CC00F35D2C /* Assets.xcassets */ = {isa = PBXFileReference; lastKnownFileType = folder.assetcatalog; path = Assets.xcassets; sourceTree = "<group>"; };
		72CB4EA627B3F1CC00F35D2C /* Base */ = {isa = PBXFileReference; lastKnownFileType = file.storyboard; name = Base; path = Base.lproj/LaunchScreen.storyboard; sourceTree = "<group>"; };
		72CB4EA827B3F1CC00F35D2C /* Info.plist */ = {isa = PBXFileReference; lastKnownFileType = text.plist.xml; path = Info.plist; sourceTree = "<group>"; };
		72CB4EAD27B3F1CC00F35D2C /* QRCodeProjectTests.xctest */ = {isa = PBXFileReference; explicitFileType = wrapper.cfbundle; includeInIndex = 0; path = QRCodeProjectTests.xctest; sourceTree = BUILT_PRODUCTS_DIR; };
		72CB4EB127B3F1CC00F35D2C /* QRCodeProjectTests.swift */ = {isa = PBXFileReference; lastKnownFileType = sourcecode.swift; path = QRCodeProjectTests.swift; sourceTree = "<group>"; };
		72CB4EB327B3F1CC00F35D2C /* Info.plist */ = {isa = PBXFileReference; lastKnownFileType = text.plist.xml; path = Info.plist; sourceTree = "<group>"; };
		72CB4EB827B3F1CC00F35D2C /* QRCodeProjectUITests.xctest */ = {isa = PBXFileReference; explicitFileType = wrapper.cfbundle; includeInIndex = 0; path = QRCodeProjectUITests.xctest; sourceTree = BUILT_PRODUCTS_DIR; };
		72CB4EBC27B3F1CC00F35D2C /* QRCodeProjectUITests.swift */ = {isa = PBXFileReference; lastKnownFileType = sourcecode.swift; path = QRCodeProjectUITests.swift; sourceTree = "<group>"; };
		72CB4EBE27B3F1CC00F35D2C /* Info.plist */ = {isa = PBXFileReference; lastKnownFileType = text.plist.xml; path = Info.plist; sourceTree = "<group>"; };
		81B0577ADD6CB69269AF898C /* Pods-QRCodeProject.debug.xcconfig */ = {isa = PBXFileReference; includeInIndex = 1; lastKnownFileType = text.xcconfig; name = "Pods-QRCodeProject.debug.xcconfig"; path = "Target Support Files/Pods-QRCodeProject/Pods-QRCodeProject.debug.xcconfig"; sourceTree = "<group>"; };
		A56273785D0AF1D6D515209B /* Pods-QRCodeProject-QRCodeProjectUITests.debug.xcconfig */ = {isa = PBXFileReference; includeInIndex = 1; lastKnownFileType = text.xcconfig; name = "Pods-QRCodeProject-QRCodeProjectUITests.debug.xcconfig"; path = "Target Support Files/Pods-QRCodeProject-QRCodeProjectUITests/Pods-QRCodeProject-QRCodeProjectUITests.debug.xcconfig"; sourceTree = "<group>"; };
		ACEAC633F9921D961B2CF80D /* Pods_QRCodeProjectTests.framework */ = {isa = PBXFileReference; explicitFileType = wrapper.framework; includeInIndex = 0; path = Pods_QRCodeProjectTests.framework; sourceTree = BUILT_PRODUCTS_DIR; };
		D6C0481624822F624AC212C8 /* Pods-QRCodeProject.release.xcconfig */ = {isa = PBXFileReference; includeInIndex = 1; lastKnownFileType = text.xcconfig; name = "Pods-QRCodeProject.release.xcconfig"; path = "Target Support Files/Pods-QRCodeProject/Pods-QRCodeProject.release.xcconfig"; sourceTree = "<group>"; };
/* End PBXFileReference section */

/* Begin PBXFrameworksBuildPhase section */
		72CB4E9427B3F1CB00F35D2C /* Frameworks */ = {
			isa = PBXFrameworksBuildPhase;
			buildActionMask = 2147483647;
			files = (
				308A9EC8DC0EC47F50FF48FB /* Pods_QRCodeProject.framework in Frameworks */,
			);
			runOnlyForDeploymentPostprocessing = 0;
		};
		72CB4EAA27B3F1CC00F35D2C /* Frameworks */ = {
			isa = PBXFrameworksBuildPhase;
			buildActionMask = 2147483647;
			files = (
				45E9FE3745DA81A70EF84575 /* Pods_QRCodeProjectTests.framework in Frameworks */,
			);
			runOnlyForDeploymentPostprocessing = 0;
		};
		72CB4EB527B3F1CC00F35D2C /* Frameworks */ = {
			isa = PBXFrameworksBuildPhase;
			buildActionMask = 2147483647;
			files = (
				515715A0089C1D9B1B0D675D /* Pods_QRCodeProject_QRCodeProjectUITests.framework in Frameworks */,
			);
			runOnlyForDeploymentPostprocessing = 0;
		};
/* End PBXFrameworksBuildPhase section */

/* Begin PBXGroup section */
		23D5306A982DF4513DCA3692 /* Pods */ = {
			isa = PBXGroup;
			children = (
				81B0577ADD6CB69269AF898C /* Pods-QRCodeProject.debug.xcconfig */,
				D6C0481624822F624AC212C8 /* Pods-QRCodeProject.release.xcconfig */,
				A56273785D0AF1D6D515209B /* Pods-QRCodeProject-QRCodeProjectUITests.debug.xcconfig */,
				4B9CAF849258F9A61A09E768 /* Pods-QRCodeProject-QRCodeProjectUITests.release.xcconfig */,
				461CE20C93D56F236C3E5856 /* Pods-QRCodeProjectTests.debug.xcconfig */,
				311B24872086031E1F385F35 /* Pods-QRCodeProjectTests.release.xcconfig */,
			);
			path = Pods;
			sourceTree = "<group>";
		};
		42EC34B123A566A4658E0F2C /* Frameworks */ = {
			isa = PBXGroup;
			children = (
				0352E4DE2C0EC856906C1FE2 /* Pods_QRCodeProject.framework */,
				41FF6B2145DA96D9E9CE2F11 /* Pods_QRCodeProject_QRCodeProjectUITests.framework */,
				ACEAC633F9921D961B2CF80D /* Pods_QRCodeProjectTests.framework */,
			);
			name = Frameworks;
			sourceTree = "<group>";
		};
		72CB4E8E27B3F1CB00F35D2C = {
			isa = PBXGroup;
			children = (
				72CB4E9927B3F1CB00F35D2C /* QRCodeProject */,
				72CB4EB027B3F1CC00F35D2C /* QRCodeProjectTests */,
				72CB4EBB27B3F1CC00F35D2C /* QRCodeProjectUITests */,
				72CB4E9827B3F1CB00F35D2C /* Products */,
				23D5306A982DF4513DCA3692 /* Pods */,
				42EC34B123A566A4658E0F2C /* Frameworks */,
			);
			sourceTree = "<group>";
		};
		72CB4E9827B3F1CB00F35D2C /* Products */ = {
			isa = PBXGroup;
			children = (
				72CB4E9727B3F1CB00F35D2C /* QRCodeProject.app */,
				72CB4EAD27B3F1CC00F35D2C /* QRCodeProjectTests.xctest */,
				72CB4EB827B3F1CC00F35D2C /* QRCodeProjectUITests.xctest */,
			);
			name = Products;
			sourceTree = "<group>";
		};
		72CB4E9927B3F1CB00F35D2C /* QRCodeProject */ = {
			isa = PBXGroup;
			children = (
				72CB4E9A27B3F1CB00F35D2C /* AppDelegate.swift */,
				72CB4E9C27B3F1CB00F35D2C /* SceneDelegate.swift */,
				72CB4E9E27B3F1CB00F35D2C /* ViewController.swift */,
				72CB4EA027B3F1CB00F35D2C /* Main.storyboard */,
				72CB4EA327B3F1CC00F35D2C /* Assets.xcassets */,
				72CB4EA527B3F1CC00F35D2C /* LaunchScreen.storyboard */,
				72CB4EA827B3F1CC00F35D2C /* Info.plist */,
			);
			path = QRCodeProject;
			sourceTree = "<group>";
		};
		72CB4EB027B3F1CC00F35D2C /* QRCodeProjectTests */ = {
			isa = PBXGroup;
			children = (
				72CB4EB127B3F1CC00F35D2C /* QRCodeProjectTests.swift */,
				72CB4EB327B3F1CC00F35D2C /* Info.plist */,
			);
			path = QRCodeProjectTests;
			sourceTree = "<group>";
		};
		72CB4EBB27B3F1CC00F35D2C /* QRCodeProjectUITests */ = {
			isa = PBXGroup;
			children = (
				72CB4EBC27B3F1CC00F35D2C /* QRCodeProjectUITests.swift */,
				72CB4EBE27B3F1CC00F35D2C /* Info.plist */,
			);
			path = QRCodeProjectUITests;
			sourceTree = "<group>";
		};
/* End PBXGroup section */

/* Begin PBXNativeTarget section */
		72CB4E9627B3F1CB00F35D2C /* QRCodeProject */ = {
			isa = PBXNativeTarget;
			buildConfigurationList = 72CB4EC127B3F1CC00F35D2C /* Build configuration list for PBXNativeTarget "QRCodeProject" */;
			buildPhases = (
				4869C4C77C2AA2A5A035EE82 /* [CP] Check Pods Manifest.lock */,
				72CB4E9327B3F1CB00F35D2C /* Sources */,
				72CB4E9427B3F1CB00F35D2C /* Frameworks */,
				72CB4E9527B3F1CB00F35D2C /* Resources */,
				B05E0E6F744F9B9A6F71A5B3 /* [CP] Embed Pods Frameworks */,
			);
			buildRules = (
			);
			dependencies = (
			);
			name = QRCodeProject;
			productName = QRCodeProject;
			productReference = 72CB4E9727B3F1CB00F35D2C /* QRCodeProject.app */;
			productType = "com.apple.product-type.application";
		};
		72CB4EAC27B3F1CC00F35D2C /* QRCodeProjectTests */ = {
			isa = PBXNativeTarget;
			buildConfigurationList = 72CB4EC427B3F1CC00F35D2C /* Build configuration list for PBXNativeTarget "QRCodeProjectTests" */;
			buildPhases = (
				2FD8DBBC0659855ED2E69A47 /* [CP] Check Pods Manifest.lock */,
				72CB4EA927B3F1CC00F35D2C /* Sources */,
				72CB4EAA27B3F1CC00F35D2C /* Frameworks */,
				72CB4EAB27B3F1CC00F35D2C /* Resources */,
			);
			buildRules = (
			);
			dependencies = (
				72CB4EAF27B3F1CC00F35D2C /* PBXTargetDependency */,
			);
			name = QRCodeProjectTests;
			productName = QRCodeProjectTests;
			productReference = 72CB4EAD27B3F1CC00F35D2C /* QRCodeProjectTests.xctest */;
			productType = "com.apple.product-type.bundle.unit-test";
		};
		72CB4EB727B3F1CC00F35D2C /* QRCodeProjectUITests */ = {
			isa = PBXNativeTarget;
			buildConfigurationList = 72CB4EC727B3F1CC00F35D2C /* Build configuration list for PBXNativeTarget "QRCodeProjectUITests" */;
			buildPhases = (
				FC18D658F8691D6FC2A5387F /* [CP] Check Pods Manifest.lock */,
				72CB4EB427B3F1CC00F35D2C /* Sources */,
				72CB4EB527B3F1CC00F35D2C /* Frameworks */,
				72CB4EB627B3F1CC00F35D2C /* Resources */,
				E9AC74CAF40A98C5304627A5 /* [CP] Embed Pods Frameworks */,
			);
			buildRules = (
			);
			dependencies = (
				72CB4EBA27B3F1CC00F35D2C /* PBXTargetDependency */,
			);
			name = QRCodeProjectUITests;
			productName = QRCodeProjectUITests;
			productReference = 72CB4EB827B3F1CC00F35D2C /* QRCodeProjectUITests.xctest */;
			productType = "com.apple.product-type.bundle.ui-testing";
		};
/* End PBXNativeTarget section */

/* Begin PBXProject section */
		72CB4E8F27B3F1CB00F35D2C /* Project object */ = {
			isa = PBXProject;
			attributes = {
				LastSwiftUpdateCheck = 1250;
				LastUpgradeCheck = 1250;
				TargetAttributes = {
					72CB4E9627B3F1CB00F35D2C = {
						CreatedOnToolsVersion = 12.5.1;
					};
					72CB4EAC27B3F1CC00F35D2C = {
						CreatedOnToolsVersion = 12.5.1;
						TestTargetID = 72CB4E9627B3F1CB00F35D2C;
					};
					72CB4EB727B3F1CC00F35D2C = {
						CreatedOnToolsVersion = 12.5.1;
						TestTargetID = 72CB4E9627B3F1CB00F35D2C;
					};
				};
			};
			buildConfigurationList = 72CB4E9227B3F1CB00F35D2C /* Build configuration list for PBXProject "QRCodeProject" */;
			compatibilityVersion = "Xcode 9.3";
			developmentRegion = en;
			hasScannedForEncodings = 0;
			knownRegions = (
				en,
				Base,
			);
			mainGroup = 72CB4E8E27B3F1CB00F35D2C;
			productRefGroup = 72CB4E9827B3F1CB00F35D2C /* Products */;
			projectDirPath = "";
			projectRoot = "";
			targets = (
				72CB4E9627B3F1CB00F35D2C /* QRCodeProject */,
				72CB4EAC27B3F1CC00F35D2C /* QRCodeProjectTests */,
				72CB4EB727B3F1CC00F35D2C /* QRCodeProjectUITests */,
			);
		};
/* End PBXProject section */

/* Begin PBXResourcesBuildPhase section */
		72CB4E9527B3F1CB00F35D2C /* Resources */ = {
			isa = PBXResourcesBuildPhase;
			buildActionMask = 2147483647;
			files = (
				72CB4EA727B3F1CC00F35D2C /* LaunchScreen.storyboard in Resources */,
				72CB4EA427B3F1CC00F35D2C /* Assets.xcassets in Resources */,
				72CB4EA227B3F1CB00F35D2C /* Main.storyboard in Resources */,
			);
			runOnlyForDeploymentPostprocessing = 0;
		};
		72CB4EAB27B3F1CC00F35D2C /* Resources */ = {
			isa = PBXResourcesBuildPhase;
			buildActionMask = 2147483647;
			files = (
			);
			runOnlyForDeploymentPostprocessing = 0;
		};
		72CB4EB627B3F1CC00F35D2C /* Resources */ = {
			isa = PBXResourcesBuildPhase;
			buildActionMask = 2147483647;
			files = (
			);
			runOnlyForDeploymentPostprocessing = 0;
		};
/* End PBXResourcesBuildPhase section */

/* Begin PBXShellScriptBuildPhase section */
		2FD8DBBC0659855ED2E69A47 /* [CP] Check Pods Manifest.lock */ = {
			isa = PBXShellScriptBuildPhase;
			buildActionMask = 2147483647;
			files = (
			);
			inputFileListPaths = (
			);
			inputPaths = (
				"${PODS_PODFILE_DIR_PATH}/Podfile.lock",
				"${PODS_ROOT}/Manifest.lock",
			);
			name = "[CP] Check Pods Manifest.lock";
			outputFileListPaths = (
			);
			outputPaths = (
				"$(DERIVED_FILE_DIR)/Pods-QRCodeProjectTests-checkManifestLockResult.txt",
			);
			runOnlyForDeploymentPostprocessing = 0;
			shellPath = /bin/sh;
			shellScript = "diff \"${PODS_PODFILE_DIR_PATH}/Podfile.lock\" \"${PODS_ROOT}/Manifest.lock\" > /dev/null\nif [ $? != 0 ] ; then\n    # print error to STDERR\n    echo \"error: The sandbox is not in sync with the Podfile.lock. Run 'pod install' or update your CocoaPods installation.\" >&2\n    exit 1\nfi\n# This output is used by Xcode 'outputs' to avoid re-running this script phase.\necho \"SUCCESS\" > \"${SCRIPT_OUTPUT_FILE_0}\"\n";
			showEnvVarsInLog = 0;
		};
		4869C4C77C2AA2A5A035EE82 /* [CP] Check Pods Manifest.lock */ = {
			isa = PBXShellScriptBuildPhase;
			buildActionMask = 2147483647;
			files = (
			);
			inputFileListPaths = (
			);
			inputPaths = (
				"${PODS_PODFILE_DIR_PATH}/Podfile.lock",
				"${PODS_ROOT}/Manifest.lock",
			);
			name = "[CP] Check Pods Manifest.lock";
			outputFileListPaths = (
			);
			outputPaths = (
				"$(DERIVED_FILE_DIR)/Pods-QRCodeProject-checkManifestLockResult.txt",
			);
			runOnlyForDeploymentPostprocessing = 0;
			shellPath = /bin/sh;
			shellScript = "diff \"${PODS_PODFILE_DIR_PATH}/Podfile.lock\" \"${PODS_ROOT}/Manifest.lock\" > /dev/null\nif [ $? != 0 ] ; then\n    # print error to STDERR\n    echo \"error: The sandbox is not in sync with the Podfile.lock. Run 'pod install' or update your CocoaPods installation.\" >&2\n    exit 1\nfi\n# This output is used by Xcode 'outputs' to avoid re-running this script phase.\necho \"SUCCESS\" > \"${SCRIPT_OUTPUT_FILE_0}\"\n";
			showEnvVarsInLog = 0;
		};
		B05E0E6F744F9B9A6F71A5B3 /* [CP] Embed Pods Frameworks */ = {
			isa = PBXShellScriptBuildPhase;
			buildActionMask = 2147483647;
			files = (
			);
			inputFileListPaths = (
				"${PODS_ROOT}/Target Support Files/Pods-QRCodeProject/Pods-QRCodeProject-frameworks-${CONFIGURATION}-input-files.xcfilelist",
			);
			name = "[CP] Embed Pods Frameworks";
			outputFileListPaths = (
				"${PODS_ROOT}/Target Support Files/Pods-QRCodeProject/Pods-QRCodeProject-frameworks-${CONFIGURATION}-output-files.xcfilelist",
			);
			runOnlyForDeploymentPostprocessing = 0;
			shellPath = /bin/sh;
			shellScript = "\"${PODS_ROOT}/Target Support Files/Pods-QRCodeProject/Pods-QRCodeProject-frameworks.sh\"\n";
			showEnvVarsInLog = 0;
		};
		E9AC74CAF40A98C5304627A5 /* [CP] Embed Pods Frameworks */ = {
			isa = PBXShellScriptBuildPhase;
			buildActionMask = 2147483647;
			files = (
			);
			inputFileListPaths = (
				"${PODS_ROOT}/Target Support Files/Pods-QRCodeProject-QRCodeProjectUITests/Pods-QRCodeProject-QRCodeProjectUITests-frameworks-${CONFIGURATION}-input-files.xcfilelist",
			);
			name = "[CP] Embed Pods Frameworks";
			outputFileListPaths = (
				"${PODS_ROOT}/Target Support Files/Pods-QRCodeProject-QRCodeProjectUITests/Pods-QRCodeProject-QRCodeProjectUITests-frameworks-${CONFIGURATION}-output-files.xcfilelist",
			);
			runOnlyForDeploymentPostprocessing = 0;
			shellPath = /bin/sh;
			shellScript = "\"${PODS_ROOT}/Target Support Files/Pods-QRCodeProject-QRCodeProjectUITests/Pods-QRCodeProject-QRCodeProjectUITests-frameworks.sh\"\n";
			showEnvVarsInLog = 0;
		};
		FC18D658F8691D6FC2A5387F /* [CP] Check Pods Manifest.lock */ = {
			isa = PBXShellScriptBuildPhase;
			buildActionMask = 2147483647;
			files = (
			);
			inputFileListPaths = (
			);
			inputPaths = (
				"${PODS_PODFILE_DIR_PATH}/Podfile.lock",
				"${PODS_ROOT}/Manifest.lock",
			);
			name = "[CP] Check Pods Manifest.lock";
			outputFileListPaths = (
			);
			outputPaths = (
				"$(DERIVED_FILE_DIR)/Pods-QRCodeProject-QRCodeProjectUITests-checkManifestLockResult.txt",
			);
			runOnlyForDeploymentPostprocessing = 0;
			shellPath = /bin/sh;
			shellScript = "diff \"${PODS_PODFILE_DIR_PATH}/Podfile.lock\" \"${PODS_ROOT}/Manifest.lock\" > /dev/null\nif [ $? != 0 ] ; then\n    # print error to STDERR\n    echo \"error: The sandbox is not in sync with the Podfile.lock. Run 'pod install' or update your CocoaPods installation.\" >&2\n    exit 1\nfi\n# This output is used by Xcode 'outputs' to avoid re-running this script phase.\necho \"SUCCESS\" > \"${SCRIPT_OUTPUT_FILE_0}\"\n";
			showEnvVarsInLog = 0;
		};
/* End PBXShellScriptBuildPhase section */

/* Begin PBXSourcesBuildPhase section */
		72CB4E9327B3F1CB00F35D2C /* Sources */ = {
			isa = PBXSourcesBuildPhase;
			buildActionMask = 2147483647;
			files = (
				72CB4E9F27B3F1CB00F35D2C /* ViewController.swift in Sources */,
				72CB4E9B27B3F1CB00F35D2C /* AppDelegate.swift in Sources */,
				72CB4E9D27B3F1CB00F35D2C /* SceneDelegate.swift in Sources */,
			);
			runOnlyForDeploymentPostprocessing = 0;
		};
		72CB4EA927B3F1CC00F35D2C /* Sources */ = {
			isa = PBXSourcesBuildPhase;
			buildActionMask = 2147483647;
			files = (
				72CB4EB227B3F1CC00F35D2C /* QRCodeProjectTests.swift in Sources */,
			);
			runOnlyForDeploymentPostprocessing = 0;
		};
		72CB4EB427B3F1CC00F35D2C /* Sources */ = {
			isa = PBXSourcesBuildPhase;
			buildActionMask = 2147483647;
			files = (
				72CB4EBD27B3F1CC00F35D2C /* QRCodeProjectUITests.swift in Sources */,
			);
			runOnlyForDeploymentPostprocessing = 0;
		};
/* End PBXSourcesBuildPhase section */

/* Begin PBXTargetDependency section */
		72CB4EAF27B3F1CC00F35D2C /* PBXTargetDependency */ = {
			isa = PBXTargetDependency;
			target = 72CB4E9627B3F1CB00F35D2C /* QRCodeProject */;
			targetProxy = 72CB4EAE27B3F1CC00F35D2C /* PBXContainerItemProxy */;
		};
		72CB4EBA27B3F1CC00F35D2C /* PBXTargetDependency */ = {
			isa = PBXTargetDependency;
			target = 72CB4E9627B3F1CB00F35D2C /* QRCodeProject */;
			targetProxy = 72CB4EB927B3F1CC00F35D2C /* PBXContainerItemProxy */;
		};
/* End PBXTargetDependency section */

/* Begin PBXVariantGroup section */
		72CB4EA027B3F1CB00F35D2C /* Main.storyboard */ = {
			isa = PBXVariantGroup;
			children = (
				72CB4EA127B3F1CB00F35D2C /* Base */,
			);
			name = Main.storyboard;
			sourceTree = "<group>";
		};
		72CB4EA527B3F1CC00F35D2C /* LaunchScreen.storyboard */ = {
			isa = PBXVariantGroup;
			children = (
				72CB4EA627B3F1CC00F35D2C /* Base */,
			);
			name = LaunchScreen.storyboard;
			sourceTree = "<group>";
		};
/* End PBXVariantGroup section */

/* Begin XCBuildConfiguration section */
		72CB4EBF27B3F1CC00F35D2C /* Debug */ = {
			isa = XCBuildConfiguration;
			buildSettings = {
				ALWAYS_SEARCH_USER_PATHS = NO;
				CLANG_ANALYZER_NONNULL = YES;
				CLANG_ANALYZER_NUMBER_OBJECT_CONVERSION = YES_AGGRESSIVE;
				CLANG_CXX_LANGUAGE_STANDARD = "gnu++14";
				CLANG_CXX_LIBRARY = "libc++";
				CLANG_ENABLE_MODULES = YES;
				CLANG_ENABLE_OBJC_ARC = YES;
				CLANG_ENABLE_OBJC_WEAK = YES;
				CLANG_WARN_BLOCK_CAPTURE_AUTORELEASING = YES;
				CLANG_WARN_BOOL_CONVERSION = YES;
				CLANG_WARN_COMMA = YES;
				CLANG_WARN_CONSTANT_CONVERSION = YES;
				CLANG_WARN_DEPRECATED_OBJC_IMPLEMENTATIONS = YES;
				CLANG_WARN_DIRECT_OBJC_ISA_USAGE = YES_ERROR;
				CLANG_WARN_DOCUMENTATION_COMMENTS = YES;
				CLANG_WARN_EMPTY_BODY = YES;
				CLANG_WARN_ENUM_CONVERSION = YES;
				CLANG_WARN_INFINITE_RECURSION = YES;
				CLANG_WARN_INT_CONVERSION = YES;
				CLANG_WARN_NON_LITERAL_NULL_CONVERSION = YES;
				CLANG_WARN_OBJC_IMPLICIT_RETAIN_SELF = YES;
				CLANG_WARN_OBJC_LITERAL_CONVERSION = YES;
				CLANG_WARN_OBJC_ROOT_CLASS = YES_ERROR;
				CLANG_WARN_QUOTED_INCLUDE_IN_FRAMEWORK_HEADER = YES;
				CLANG_WARN_RANGE_LOOP_ANALYSIS = YES;
				CLANG_WARN_STRICT_PROTOTYPES = YES;
				CLANG_WARN_SUSPICIOUS_MOVE = YES;
				CLANG_WARN_UNGUARDED_AVAILABILITY = YES_AGGRESSIVE;
				CLANG_WARN_UNREACHABLE_CODE = YES;
				CLANG_WARN__DUPLICATE_METHOD_MATCH = YES;
				COPY_PHASE_STRIP = NO;
				DEBUG_INFORMATION_FORMAT = dwarf;
				ENABLE_STRICT_OBJC_MSGSEND = YES;
				ENABLE_TESTABILITY = YES;
				GCC_C_LANGUAGE_STANDARD = gnu11;
				GCC_DYNAMIC_NO_PIC = NO;
				GCC_NO_COMMON_BLOCKS = YES;
				GCC_OPTIMIZATION_LEVEL = 0;
				GCC_PREPROCESSOR_DEFINITIONS = (
					"DEBUG=1",
					"$(inherited)",
				);
				GCC_WARN_64_TO_32_BIT_CONVERSION = YES;
				GCC_WARN_ABOUT_RETURN_TYPE = YES_ERROR;
				GCC_WARN_UNDECLARED_SELECTOR = YES;
				GCC_WARN_UNINITIALIZED_AUTOS = YES_AGGRESSIVE;
				GCC_WARN_UNUSED_FUNCTION = YES;
				GCC_WARN_UNUSED_VARIABLE = YES;
				IPHONEOS_DEPLOYMENT_TARGET = 14.5;
				MTL_ENABLE_DEBUG_INFO = INCLUDE_SOURCE;
				MTL_FAST_MATH = YES;
				ONLY_ACTIVE_ARCH = YES;
				SDKROOT = iphoneos;
				SWIFT_ACTIVE_COMPILATION_CONDITIONS = DEBUG;
				SWIFT_OPTIMIZATION_LEVEL = "-Onone";
			};
			name = Debug;
		};
		72CB4EC027B3F1CC00F35D2C /* Release */ = {
			isa = XCBuildConfiguration;
			buildSettings = {
				ALWAYS_SEARCH_USER_PATHS = NO;
				CLANG_ANALYZER_NONNULL = YES;
				CLANG_ANALYZER_NUMBER_OBJECT_CONVERSION = YES_AGGRESSIVE;
				CLANG_CXX_LANGUAGE_STANDARD = "gnu++14";
				CLANG_CXX_LIBRARY = "libc++";
				CLANG_ENABLE_MODULES = YES;
				CLANG_ENABLE_OBJC_ARC = YES;
				CLANG_ENABLE_OBJC_WEAK = YES;
				CLANG_WARN_BLOCK_CAPTURE_AUTORELEASING = YES;
				CLANG_WARN_BOOL_CONVERSION = YES;
				CLANG_WARN_COMMA = YES;
				CLANG_WARN_CONSTANT_CONVERSION = YES;
				CLANG_WARN_DEPRECATED_OBJC_IMPLEMENTATIONS = YES;
				CLANG_WARN_DIRECT_OBJC_ISA_USAGE = YES_ERROR;
				CLANG_WARN_DOCUMENTATION_COMMENTS = YES;
				CLANG_WARN_EMPTY_BODY = YES;
				CLANG_WARN_ENUM_CONVERSION = YES;
				CLANG_WARN_INFINITE_RECURSION = YES;
				CLANG_WARN_INT_CONVERSION = YES;
				CLANG_WARN_NON_LITERAL_NULL_CONVERSION = YES;
				CLANG_WARN_OBJC_IMPLICIT_RETAIN_SELF = YES;
				CLANG_WARN_OBJC_LITERAL_CONVERSION = YES;
				CLANG_WARN_OBJC_ROOT_CLASS = YES_ERROR;
				CLANG_WARN_QUOTED_INCLUDE_IN_FRAMEWORK_HEADER = YES;
				CLANG_WARN_RANGE_LOOP_ANALYSIS = YES;
				CLANG_WARN_STRICT_PROTOTYPES = YES;
				CLANG_WARN_SUSPICIOUS_MOVE = YES;
				CLANG_WARN_UNGUARDED_AVAILABILITY = YES_AGGRESSIVE;
				CLANG_WARN_UNREACHABLE_CODE = YES;
				CLANG_WARN__DUPLICATE_METHOD_MATCH = YES;
				COPY_PHASE_STRIP = NO;
				DEBUG_INFORMATION_FORMAT = "dwarf-with-dsym";
				ENABLE_NS_ASSERTIONS = NO;
				ENABLE_STRICT_OBJC_MSGSEND = YES;
				GCC_C_LANGUAGE_STANDARD = gnu11;
				GCC_NO_COMMON_BLOCKS = YES;
				GCC_WARN_64_TO_32_BIT_CONVERSION = YES;
				GCC_WARN_ABOUT_RETURN_TYPE = YES_ERROR;
				GCC_WARN_UNDECLARED_SELECTOR = YES;
				GCC_WARN_UNINITIALIZED_AUTOS = YES_AGGRESSIVE;
				GCC_WARN_UNUSED_FUNCTION = YES;
				GCC_WARN_UNUSED_VARIABLE = YES;
				IPHONEOS_DEPLOYMENT_TARGET = 14.5;
				MTL_ENABLE_DEBUG_INFO = NO;
				MTL_FAST_MATH = YES;
				SDKROOT = iphoneos;
				SWIFT_COMPILATION_MODE = wholemodule;
				SWIFT_OPTIMIZATION_LEVEL = "-O";
				VALIDATE_PRODUCT = YES;
			};
			name = Release;
		};
		72CB4EC227B3F1CC00F35D2C /* Debug */ = {
			isa = XCBuildConfiguration;
			baseConfigurationReference = 81B0577ADD6CB69269AF898C /* Pods-QRCodeProject.debug.xcconfig */;
			buildSettings = {
				ASSETCATALOG_COMPILER_APPICON_NAME = AppIcon;
				ASSETCATALOG_COMPILER_GLOBAL_ACCENT_COLOR_NAME = AccentColor;
				CODE_SIGN_STYLE = Automatic;
				DEVELOPMENT_TEAM = B5T9HL953S;
				INFOPLIST_FILE = QRCodeProject/Info.plist;
				LD_RUNPATH_SEARCH_PATHS = (
					"$(inherited)",
					"@executable_path/Frameworks",
				);
				PRODUCT_BUNDLE_IDENTIFIER = "site.test-engineer.QRCodeProject";
				PRODUCT_NAME = "$(TARGET_NAME)";
				SWIFT_VERSION = 5.0;
				TARGETED_DEVICE_FAMILY = "1,2";
			};
			name = Debug;
		};
		72CB4EC327B3F1CC00F35D2C /* Release */ = {
			isa = XCBuildConfiguration;
			baseConfigurationReference = D6C0481624822F624AC212C8 /* Pods-QRCodeProject.release.xcconfig */;
			buildSettings = {
				ASSETCATALOG_COMPILER_APPICON_NAME = AppIcon;
				ASSETCATALOG_COMPILER_GLOBAL_ACCENT_COLOR_NAME = AccentColor;
				CODE_SIGN_STYLE = Automatic;
				DEVELOPMENT_TEAM = B5T9HL953S;
				INFOPLIST_FILE = QRCodeProject/Info.plist;
				LD_RUNPATH_SEARCH_PATHS = (
					"$(inherited)",
					"@executable_path/Frameworks",
				);
				PRODUCT_BUNDLE_IDENTIFIER = "site.test-engineer.QRCodeProject";
				PRODUCT_NAME = "$(TARGET_NAME)";
				SWIFT_VERSION = 5.0;
				TARGETED_DEVICE_FAMILY = "1,2";
			};
			name = Release;
		};
		72CB4EC527B3F1CC00F35D2C /* Debug */ = {
			isa = XCBuildConfiguration;
			baseConfigurationReference = 461CE20C93D56F236C3E5856 /* Pods-QRCodeProjectTests.debug.xcconfig */;
			buildSettings = {
				ALWAYS_EMBED_SWIFT_STANDARD_LIBRARIES = YES;
				BUNDLE_LOADER = "$(TEST_HOST)";
				CODE_SIGN_STYLE = Automatic;
				DEVELOPMENT_TEAM = B5T9HL953S;
				INFOPLIST_FILE = QRCodeProjectTests/Info.plist;
				IPHONEOS_DEPLOYMENT_TARGET = 14.5;
				LD_RUNPATH_SEARCH_PATHS = (
					"$(inherited)",
					"@executable_path/Frameworks",
					"@loader_path/Frameworks",
				);
				PRODUCT_BUNDLE_IDENTIFIER = "site.test-engineer.QRCodeProjectTests";
				PRODUCT_NAME = "$(TARGET_NAME)";
				SWIFT_VERSION = 5.0;
				TARGETED_DEVICE_FAMILY = "1,2";
				TEST_HOST = "$(BUILT_PRODUCTS_DIR)/QRCodeProject.app/QRCodeProject";
			};
			name = Debug;
		};
		72CB4EC627B3F1CC00F35D2C /* Release */ = {
			isa = XCBuildConfiguration;
			baseConfigurationReference = 311B24872086031E1F385F35 /* Pods-QRCodeProjectTests.release.xcconfig */;
			buildSettings = {
				ALWAYS_EMBED_SWIFT_STANDARD_LIBRARIES = YES;
				BUNDLE_LOADER = "$(TEST_HOST)";
				CODE_SIGN_STYLE = Automatic;
				DEVELOPMENT_TEAM = B5T9HL953S;
				INFOPLIST_FILE = QRCodeProjectTests/Info.plist;
				IPHONEOS_DEPLOYMENT_TARGET = 14.5;
				LD_RUNPATH_SEARCH_PATHS = (
					"$(inherited)",
					"@executable_path/Frameworks",
					"@loader_path/Frameworks",
				);
				PRODUCT_BUNDLE_IDENTIFIER = "site.test-engineer.QRCodeProjectTests";
				PRODUCT_NAME = "$(TARGET_NAME)";
				SWIFT_VERSION = 5.0;
				TARGETED_DEVICE_FAMILY = "1,2";
				TEST_HOST = "$(BUILT_PRODUCTS_DIR)/QRCodeProject.app/QRCodeProject";
			};
			name = Release;
		};
		72CB4EC827B3F1CC00F35D2C /* Debug */ = {
			isa = XCBuildConfiguration;
			baseConfigurationReference = A56273785D0AF1D6D515209B /* Pods-QRCodeProject-QRCodeProjectUITests.debug.xcconfig */;
			buildSettings = {
				ALWAYS_EMBED_SWIFT_STANDARD_LIBRARIES = YES;
				CODE_SIGN_STYLE = Automatic;
				DEVELOPMENT_TEAM = B5T9HL953S;
				INFOPLIST_FILE = QRCodeProjectUITests/Info.plist;
				LD_RUNPATH_SEARCH_PATHS = (
					"$(inherited)",
					"@executable_path/Frameworks",
					"@loader_path/Frameworks",
				);
				PRODUCT_BUNDLE_IDENTIFIER = "site.test-engineer.QRCodeProjectUITests";
				PRODUCT_NAME = "$(TARGET_NAME)";
				SWIFT_VERSION = 5.0;
				TARGETED_DEVICE_FAMILY = "1,2";
				TEST_TARGET_NAME = QRCodeProject;
			};
			name = Debug;
		};
		72CB4EC927B3F1CC00F35D2C /* Release */ = {
			isa = XCBuildConfiguration;
			baseConfigurationReference = 4B9CAF849258F9A61A09E768 /* Pods-QRCodeProject-QRCodeProjectUITests.release.xcconfig */;
			buildSettings = {
				ALWAYS_EMBED_SWIFT_STANDARD_LIBRARIES = YES;
				CODE_SIGN_STYLE = Automatic;
				DEVELOPMENT_TEAM = B5T9HL953S;
				INFOPLIST_FILE = QRCodeProjectUITests/Info.plist;
				LD_RUNPATH_SEARCH_PATHS = (
					"$(inherited)",
					"@executable_path/Frameworks",
					"@loader_path/Frameworks",
				);
				PRODUCT_BUNDLE_IDENTIFIER = "site.test-engineer.QRCodeProjectUITests";
				PRODUCT_NAME = "$(TARGET_NAME)";
				SWIFT_VERSION = 5.0;
				TARGETED_DEVICE_FAMILY = "1,2";
				TEST_TARGET_NAME = QRCodeProject;
			};
			name = Release;
		};
/* End XCBuildConfiguration section */

/* Begin XCConfigurationList section */
		72CB4E9227B3F1CB00F35D2C /* Build configuration list for PBXProject "QRCodeProject" */ = {
			isa = XCConfigurationList;
			buildConfigurations = (
				72CB4EBF27B3F1CC00F35D2C /* Debug */,
				72CB4EC027B3F1CC00F35D2C /* Release */,
			);
			defaultConfigurationIsVisible = 0;
			defaultConfigurationName = Release;
		};
		72CB4EC127B3F1CC00F35D2C /* Build configuration list for PBXNativeTarget "QRCodeProject" */ = {
			isa = XCConfigurationList;
			buildConfigurations = (
				72CB4EC227B3F1CC00F35D2C /* Debug */,
				72CB4EC327B3F1CC00F35D2C /* Release */,
			);
			defaultConfigurationIsVisible = 0;
			defaultConfigurationName = Release;
		};
		72CB4EC427B3F1CC00F35D2C /* Build configuration list for PBXNativeTarget "QRCodeProjectTests" */ = {
			isa = XCConfigurationList;
			buildConfigurations = (
				72CB4EC527B3F1CC00F35D2C /* Debug */,
				72CB4EC627B3F1CC00F35D2C /* Release */,
			);
			defaultConfigurationIsVisible = 0;
			defaultConfigurationName = Release;
		};
		72CB4EC727B3F1CC00F35D2C /* Build configuration list for PBXNativeTarget "QRCodeProjectUITests" */ = {
			isa = XCConfigurationList;
			buildConfigurations = (
				72CB4EC827B3F1CC00F35D2C /* Debug */,
				72CB4EC927B3F1CC00F35D2C /* Release */,
			);
			defaultConfigurationIsVisible = 0;
			defaultConfigurationName = Release;
		};
/* End XCConfigurationList section */
	};
	rootObject = 72CB4E8F27B3F1CB00F35D2C /* Project object */;
}
